
Microsoft Visual Studio Solution File, Format Version 12.00
# Visual Studio Version 16
VisualStudioVersion = 16.0.30717.126
MinimumVisualStudioVersion = 10.0.40219.1
Project("{FAE04EC0-301F-11D3-BF4B-00C04F79EFBC}") = "GenericDatabaseTool", "GenericDatabaseTool\GenericDatabaseTool.csproj", "{A85E76D3-8983-4207-B6FF-A5DB7C6FA973}"
EndProject
Global
	GlobalSection(SolutionConfigurationPlatforms) = preSolution
		Debug|Any CPU = Debug|Any CPU
		Release|Any CPU = Release|Any CPU
	EndGlobalSection
	GlobalSection(ProjectConfigurationPlatforms) = postSolution
		{A85E76D3-8983-4207-B6FF-A5DB7C6FA973}.Debug|Any CPU.ActiveCfg = Debug|Any CPU
		{A85E76D3-8983-4207-B6FF-A5DB7C6FA973}.Debug|Any CPU.Build.0 = Debug|Any CPU
		{A85E76D3-8983-4207-B6FF-A5DB7C6FA973}.Release|Any CPU.ActiveCfg = Release|Any CPU
		{A85E76D3-8983-4207-B6FF-A5DB7C6FA973}.Release|Any CPU.Build.0 = Release|Any CPU
	EndGlobalSection
	GlobalSection(SolutionProperties) = preSolution
		HideSolutionNode = FALSE
	EndGlobalSection
	GlobalSection(ExtensibilityGlobals) = postSolution
		SolutionGuid = {02841A34-F521-41A2-B6AD-8DF0A37A65D6}
	EndGlobalSection
EndGlobal
